schema: '2.0'
stages:
  extract:
    cmd: python -m src.db extract
    deps:
    - path: params.yaml
      hash: md5
      md5: f417809c071d3fb6f4c896cd3cd14f96
      size: 1257
    - path: sql/03_clean_views.sql
      hash: md5
      md5: 8a62ae1d6195c6b8ec60f84fad210321
      size: 14296
    - path: sql/04_business_metrics.sql
      hash: md5
      md5: 3ba880ef8f5cbdfd523888823e546fa1
      size: 11140
    - path: sql/05_modeling_tables.sql
      hash: md5
      md5: e81c9d3162ba682997c300c823253da6
      size: 11801
    - path: src/config.py
      hash: md5
      md5: bf8834bbd3260a4d903025f26ee8c340
      size: 1234
    - path: src/db.py
      hash: md5
      md5: 01f290fabe47ac3e369215200ae88214
      size: 4928
    - path: src/extract.py
      hash: md5
      md5: 7772ab383abcdbccad4b7a978e51df2d
      size: 9314
    params:
      params.yaml:
        common.analysis_end: '2018-08-31'
        common.analysis_start: '2017-01-01'
        common.valid_statuses:
        - delivered
        extraction:
          read_chunksize: 50000
          categorical_min_unique: 20
          categorical_max_unique: 1000
          categorical_row_fraction: 0.02
    outs:
    - path: data/processed/customer_orders.parquet
      hash: md5
      md5: b95d8ccb6523af2f8825cf6a8a4c5a94
      size: 7927755
    - path: data/processed/interactions.parquet
      hash: md5
      md5: 490081b65f38ed171347202df6aceab4
      size: 8793188
    - path: data/processed/manifest.json
      hash: md5
      md5: 01001300fd7e3053230c4da5b31cb6bf
      size: 10978
    - path: data/processed/order_geo.parquet
      hash: md5
      md5: a5fa3a2c15ae7554e5b97e43970f8a7a
      size: 8489949
    - path: data/processed/orders_enriched.parquet
      hash: md5
      md5: fd984152b5910a5ecb3305b78b8194a9
      size: 14981179
    - path: data/processed/products_enriched.parquet
      hash: md5
      md5: 2f6956e804a21f8ea18fcac8c7e03ca2
      size: 2316806
    - path: data/processed/reviews_clean.parquet
      hash: md5
      md5: 9b7e3119aad99694344442b22009953a
      size: 16849932
  clean:
    cmd: python -m src.cleaning run
    deps:
    - path: data/processed/customer_orders.parquet
      hash: md5
      md5: b95d8ccb6523af2f8825cf6a8a4c5a94
      size: 7927755
    - path: data/processed/interactions.parquet
      hash: md5
      md5: 490081b65f38ed171347202df6aceab4
      size: 8793188
    - path: data/processed/orders_enriched.parquet
      hash: md5
      md5: fd984152b5910a5ecb3305b78b8194a9
      size: 14981179
    - path: data/processed/products_enriched.parquet
      hash: md5
      md5: 2f6956e804a21f8ea18fcac8c7e03ca2
      size: 2316806
    - path: data/processed/reviews_clean.parquet
      hash: md5
      md5: 9b7e3119aad99694344442b22009953a
      size: 16849932
    - path: data/raw/olist_products_dataset.csv
      hash: md5
      md5: e935401104a3669223b83c9a01fdf5ca
      size: 2379446
    - path: params.yaml
      hash: md5
      md5: f417809c071d3fb6f4c896cd3cd14f96
      size: 1257
    - path: src/cleaning.py
      hash: md5
      md5: 09852f282b5091adfbf41337a0d6de7c
      size: 12634
    - path: src/config.py
      hash: md5
      md5: bf8834bbd3260a4d903025f26ee8c340
      size: 1234
    - path: src/extract.py
      hash: md5
      md5: 7772ab383abcdbccad4b7a978e51df2d
      size: 9314
    - path: src/validation.py
      hash: md5
      md5: 45c66a5989d163ad5bf44ded06cc1659
      size: 22614
    params:
      params.yaml:
        cleaning:
          winsor_lower: 0.01
          winsor_upper: 0.99
          minimum_valid_item_price: 0
        common.analysis_end: '2018-08-31'
        common.analysis_start: '2017-01-01'
        extraction:
          read_chunksize: 50000
          categorical_min_unique: 20
          categorical_max_unique: 1000
          categorical_row_fraction: 0.02
        validation:
          soft_null_rate_limit: 0.05
          row_count_tolerance_pct: 5.0
          unusual_category_min_count: 5
          nonnegative_minimum: 0
          minimum_count: 1
          probability_min: 0
          probability_max: 1
          review_score_min: 1
          review_score_max: 5
          positive_rate_drift_ratio_limit: 3.0
    outs:
    - path: data/processed/clean
      hash: md5
      md5: c22dd5e565b3dd7856a012325341b9f3.dir
      size: 51239764
      nfiles: 5
  validate:
    cmd: python -m src.validation run
    deps:
    - path: data/processed/clean
      hash: md5
      md5: c22dd5e565b3dd7856a012325341b9f3.dir
      size: 51239764
      nfiles: 5
    - path: data/processed/customer_orders.parquet
      hash: md5
      md5: b95d8ccb6523af2f8825cf6a8a4c5a94
      size: 7927755
    - path: data/processed/interactions.parquet
      hash: md5
      md5: 490081b65f38ed171347202df6aceab4
      size: 8793188
    - path: data/processed/manifest.json
      hash: md5
      md5: 01001300fd7e3053230c4da5b31cb6bf
      size: 10978
    - path: data/processed/order_geo.parquet
      hash: md5
      md5: a5fa3a2c15ae7554e5b97e43970f8a7a
      size: 8489949
    - path: data/processed/orders_enriched.parquet
      hash: md5
      md5: fd984152b5910a5ecb3305b78b8194a9
      size: 14981179
    - path: data/processed/products_enriched.parquet
      hash: md5
      md5: 2f6956e804a21f8ea18fcac8c7e03ca2
      size: 2316806
    - path: data/processed/reviews_clean.parquet
      hash: md5
      md5: 9b7e3119aad99694344442b22009953a
      size: 16849932
    - path: params.yaml
      hash: md5
      md5: f417809c071d3fb6f4c896cd3cd14f96
      size: 1257
    - path: src/config.py
      hash: md5
      md5: bf8834bbd3260a4d903025f26ee8c340
      size: 1234
    - path: src/validation.py
      hash: md5
      md5: 45c66a5989d163ad5bf44ded06cc1659
      size: 22614
    params:
      params.yaml:
        common.analysis_end: '2018-08-31'
        common.analysis_start: '2017-01-01'
        validation:
          soft_null_rate_limit: 0.05
          row_count_tolerance_pct: 5.0
          unusual_category_min_count: 5
          nonnegative_minimum: 0
          minimum_count: 1
          probability_min: 0
          probability_max: 1
          review_score_min: 1
          review_score_max: 5
          positive_rate_drift_ratio_limit: 3.0
    outs:
    - path: docs/validation_report.md
      hash: md5
      md5: a77fecbde95caf9b5ddb9d79d7c75288
      size: 2125
    - path: metrics/validation.json
      hash: md5
      md5: 5e4d591818a4be5e5f24337e58260edc
      size: 3629
  features:
    cmd: python -m src.features build
    deps:
    - path: data/processed/clean
      hash: md5
      md5: c22dd5e565b3dd7856a012325341b9f3.dir
      size: 51239764
      nfiles: 5
    - path: data/processed/interactions.parquet
      hash: md5
      md5: 490081b65f38ed171347202df6aceab4
      size: 8793188
    - path: data/processed/manifest.json
      hash: md5
      md5: 01001300fd7e3053230c4da5b31cb6bf
      size: 10978
    - path: data/processed/order_geo.parquet
      hash: md5
      md5: a5fa3a2c15ae7554e5b97e43970f8a7a
      size: 8489949
    - path: data/processed/orders_enriched.parquet
      hash: md5
      md5: fd984152b5910a5ecb3305b78b8194a9
      size: 14981179
    - path: data/processed/products_enriched.parquet
      hash: md5
      md5: 2f6956e804a21f8ea18fcac8c7e03ca2
      size: 2316806
    - path: data/processed/reviews_clean.parquet
      hash: md5
      md5: 9b7e3119aad99694344442b22009953a
      size: 16849932
    - path: params.yaml
      hash: md5
      md5: f417809c071d3fb6f4c896cd3cd14f96
      size: 1257
    - path: src/config.py
      hash: md5
      md5: bf8834bbd3260a4d903025f26ee8c340
      size: 1234
    - path: src/features.py
      hash: md5
      md5: e1643899e6b1a086219b1dc45c7ecdf1
      size: 45841
    - path: src/tracking.py
      hash: md5
      md5: 4355d03df93a6c57d1992c39da60809e
      size: 6852
    - path: src/validation.py
      hash: md5
      md5: 45c66a5989d163ad5bf44ded06cc1659
      size: 22614
    params:
      params.yaml:
        common.analysis_end: '2018-08-31'
        features.horizon_days: 90
        features.snapshots:
          train:
          - '2017-05-31'
          - '2017-08-31'
          val:
          - '2017-12-31'
          test:
          - '2018-04-30'
        validation.positive_rate_drift_ratio_limit: 3.0
    outs:
    - path: data/processed/features
      hash: md5
      md5: 4637c25fdb7521a1a3130a3ad2901d7e.dir
      size: 14453195
      nfiles: 5
    - path: metrics/features.json
      hash: md5
      md5: b7b43eb466455b65b15fb2f33417bf6c
      size: 3355
